
Microsoft Visual Studio Solution File, Format Version 10.00
# Visual Studio 2008
Project("{8BC9CEB8-8B4A-11D0-8D11-00A0C91BC942}") = "lesson3", "lesson3\lesson3.vcproj", "{478B1E7C-052D-4A4C-AA8B-1735769C1FFA}"
EndProject
Global
	GlobalSection(SolutionConfigurationPlatforms) = preSolution
		Debug|Win32 = Debug|Win32
		Release|Win32 = Release|Win32
	EndGlobalSection
	GlobalSection(ProjectConfigurationPlatforms) = postSolution
		{478B1E7C-052D-4A4C-AA8B-1735769C1FFA}.Debug|Win32.ActiveCfg = Debug|Win32
		{478B1E7C-052D-4A4C-AA8B-1735769C1FFA}.Debug|Win32.Build.0 = Debug|Win32
		{478B1E7C-052D-4A4C-AA8B-1735769C1FFA}.Release|Win32.ActiveCfg = Release|Win32
		{478B1E7C-052D-4A4C-AA8B-1735769C1FFA}.Release|Win32.Build.0 = Release|Win32
	EndGlobalSection
	GlobalSection(SolutionProperties) = preSolution
		HideSolutionNode = FALSE
	EndGlobalSection
EndGlobal
