
Microsoft Visual Studio Solution File, Format Version 10.00
# Visual Studio 2008
Project("{8BC9CEB8-8B4A-11D0-8D11-00A0C91BC942}") = "lesson4", "lesson4\lesson4.vcproj", "{D9533C72-6350-4897-B55E-5787D57DC46C}"
EndProject
Global
	GlobalSection(SolutionConfigurationPlatforms) = preSolution
		Debug|Win32 = Debug|Win32
		Release|Win32 = Release|Win32
	EndGlobalSection
	GlobalSection(ProjectConfigurationPlatforms) = postSolution
		{D9533C72-6350-4897-B55E-5787D57DC46C}.Debug|Win32.ActiveCfg = Debug|Win32
		{D9533C72-6350-4897-B55E-5787D57DC46C}.Debug|Win32.Build.0 = Debug|Win32
		{D9533C72-6350-4897-B55E-5787D57DC46C}.Release|Win32.ActiveCfg = Release|Win32
		{D9533C72-6350-4897-B55E-5787D57DC46C}.Release|Win32.Build.0 = Release|Win32
	EndGlobalSection
	GlobalSection(SolutionProperties) = preSolution
		HideSolutionNode = FALSE
	EndGlobalSection
EndGlobal
