
Microsoft Visual Studio Solution File, Format Version 10.00
# Visual Studio 2008
Project("{8BC9CEB8-8B4A-11D0-8D11-00A0C91BC942}") = "lesson6", "lesson6\lesson6.vcproj", "{5251069D-F86E-4E63-9DBD-C732B8D6F49D}"
EndProject
Global
	GlobalSection(SolutionConfigurationPlatforms) = preSolution
		Debug|Win32 = Debug|Win32
		Release|Win32 = Release|Win32
	EndGlobalSection
	GlobalSection(ProjectConfigurationPlatforms) = postSolution
		{5251069D-F86E-4E63-9DBD-C732B8D6F49D}.Debug|Win32.ActiveCfg = Debug|Win32
		{5251069D-F86E-4E63-9DBD-C732B8D6F49D}.Debug|Win32.Build.0 = Debug|Win32
		{5251069D-F86E-4E63-9DBD-C732B8D6F49D}.Release|Win32.ActiveCfg = Release|Win32
		{5251069D-F86E-4E63-9DBD-C732B8D6F49D}.Release|Win32.Build.0 = Release|Win32
	EndGlobalSection
	GlobalSection(SolutionProperties) = preSolution
		HideSolutionNode = FALSE
	EndGlobalSection
EndGlobal
